// !$*UTF8*$!
{
	archiveVersion = 1;
	classes = {
	};
	objectVersion = 46;
	objects = {

/* Begin PBXBuildFile section */
		81D82FD31E983C3E0016568E /* SwiftMeterTests.swift in Sources */ = {isa = PBXBuildFile; fileRef = 81D82FD21E983C3E0016568E /* SwiftMeterTests.swift */; };
		81D82FDA1E983F5D0016568E /* SwiftMeter.swift in Sources */ = {isa = PBXBuildFile; fileRef = 81EACFE11E8C5CF600741057 /* SwiftMeter.swift */; };
		81EACFCF1E8C5CA900741057 /* AppDelegate.swift in Sources */ = {isa = PBXBuildFile; fileRef = 81EACFCE1E8C5CA900741057 /* AppDelegate.swift */; };
		81EACFD11E8C5CA900741057 /* ViewController.swift in Sources */ = {isa = PBXBuildFile; fileRef = 81EACFD01E8C5CA900741057 /* ViewController.swift */; };
		81EACFD41E8C5CA900741057 /* Main.storyboard in Resources */ = {isa = PBXBuildFile; fileRef = 81EACFD21E8C5CA900741057 /* Main.storyboard */; };
		81EACFD61E8C5CA900741057 /* Assets.xcassets in Resources */ = {isa = PBXBuildFile; fileRef = 81EACFD51E8C5CA900741057 /* Assets.xcassets */; };
		81EACFD91E8C5CA900741057 /* LaunchScreen.storyboard in Resources */ = {isa = PBXBuildFile; fileRef = 81EACFD71E8C5CA900741057 /* LaunchScreen.storyboard */; };
		81EACFE21E8C5CF600741057 /* SwiftMeter.swift in Sources */ = {isa = PBXBuildFile; fileRef = 81EACFE11E8C5CF600741057 /* SwiftMeter.swift */; };
/* End PBXBuildFile section */

/* Begin PBXContainerItemProxy section */
		81D82FD51E983C3E0016568E /* PBXContainerItemProxy */ = {
			isa = PBXContainerItemProxy;
			containerPortal = 81EACFC31E8C5CA900741057 /* Project object */;
			proxyType = 1;
			remoteGlobalIDString = 81EACFCA1E8C5CA900741057;
			remoteInfo = SwiftMeter;
		};
/* End PBXContainerItemProxy section */

/* Begin PBXFileReference section */
		81D82FD01E983C3D0016568E /* SwiftMeterTests.xctest */ = {isa = PBXFileReference; explicitFileType = wrapper.cfbundle; includeInIndex = 0; path = SwiftMeterTests.xctest; sourceTree = BUILT_PRODUCTS_DIR; };
		81D82FD21E983C3E0016568E /* SwiftMeterTests.swift */ = {isa = PBXFileReference; lastKnownFileType = sourcecode.swift; path = SwiftMeterTests.swift; sourceTree = "<group>"; };
		81D82FD41E983C3E0016568E /* Info.plist */ = {isa = PBXFileReference; lastKnownFileType = text.plist.xml; path = Info.plist; sourceTree = "<group>"; };
		81EACFCB1E8C5CA900741057 /* SwiftMeter.app */ = {isa = PBXFileReference; explicitFileType = wrapper.application; includeInIndex = 0; path = SwiftMeter.app; sourceTree = BUILT_PRODUCTS_DIR; };
		81EACFCE1E8C5CA900741057 /* AppDelegate.swift */ = {isa = PBXFileReference; lastKnownFileType = sourcecode.swift; path = AppDelegate.swift; sourceTree = "<group>"; };
		81EACFD01E8C5CA900741057 /* ViewController.swift */ = {isa = PBXFileReference; lastKnownFileType = sourcecode.swift; path = ViewController.swift; sourceTree = "<group>"; };
		81EACFD31E8C5CA900741057 /* Base */ = {isa = PBXFileReference; lastKnownFileType = file.storyboard; name = Base; path = Base.lproj/Main.storyboard; sourceTree = "<group>"; };
		81EACFD51E8C5CA900741057 /* Assets.xcassets */ = {isa = PBXFileReference; lastKnownFileType = folder.assetcatalog; path = Assets.xcassets; sourceTree = "<group>"; };
		81EACFD81E8C5CA900741057 /* Base */ = {isa = PBXFileReference; lastKnownFileType = file.storyboard; name = Base; path = Base.lproj/LaunchScreen.storyboard; sourceTree = "<group>"; };
		81EACFDA1E8C5CA900741057 /* Info.plist */ = {isa = PBXFileReference; lastKnownFileType = text.plist.xml; path = Info.plist; sourceTree = "<group>"; };
		81EACFE11E8C5CF600741057 /* SwiftMeter.swift */ = {isa = PBXFileReference; fileEncoding = 4; lastKnownFileType = sourcecode.swift; name = SwiftMeter.swift; path = ../Source/SwiftMeter.swift; sourceTree = "<group>"; };
/* End PBXFileReference section */

/* Begin PBXFrameworksBuildPhase section */
		81D82FCD1E983C3D0016568E /* Frameworks */ = {
			isa = PBXFrameworksBuildPhase;
			buildActionMask = 2147483647;
			files = (
			);
			runOnlyForDeploymentPostprocessing = 0;
		};
		81EACFC81E8C5CA900741057 /* Frameworks */ = {
			isa = PBXFrameworksBuildPhase;
			buildActionMask = 2147483647;
			files = (
			);
			runOnlyForDeploymentPostprocessing = 0;
		};
/* End PBXFrameworksBuildPhase section */

/* Begin PBXGroup section */
		81D82FD11E983C3E0016568E /* SwiftMeterTests */ = {
			isa = PBXGroup;
			children = (
				81D82FD21E983C3E0016568E /* SwiftMeterTests.swift */,
				81D82FD41E983C3E0016568E /* Info.plist */,
			);
			path = SwiftMeterTests;
			sourceTree = "<group>";
		};
		81EACFC21E8C5CA900741057 = {
			isa = PBXGroup;
			children = (
				81EACFE01E8C5CB400741057 /* Source */,
				81EACFCD1E8C5CA900741057 /* SwiftMeter */,
				81D82FD11E983C3E0016568E /* SwiftMeterTests */,
				81EACFCC1E8C5CA900741057 /* Products */,
			);
			sourceTree = "<group>";
		};
		81EACFCC1E8C5CA900741057 /* Products */ = {
			isa = PBXGroup;
			children = (
				81EACFCB1E8C5CA900741057 /* SwiftMeter.app */,
				81D82FD01E983C3D0016568E /* SwiftMeterTests.xctest */,
			);
			name = Products;
			sourceTree = "<group>";
		};
		81EACFCD1E8C5CA900741057 /* SwiftMeter */ = {
			isa = PBXGroup;
			children = (
				81EACFCE1E8C5CA900741057 /* AppDelegate.swift */,
				81EACFD01E8C5CA900741057 /* ViewController.swift */,
				81EACFD21E8C5CA900741057 /* Main.storyboard */,
				81EACFD51E8C5CA900741057 /* Assets.xcassets */,
				81EACFD71E8C5CA900741057 /* LaunchScreen.storyboard */,
				81EACFDA1E8C5CA900741057 /* Info.plist */,
			);
			path = SwiftMeter;
			sourceTree = "<group>";
		};
		81EACFE01E8C5CB400741057 /* Source */ = {
			isa = PBXGroup;
			children = (
				81EACFE11E8C5CF600741057 /* SwiftMeter.swift */,
			);
			name = Source;
			sourceTree = "<group>";
		};
/* End PBXGroup section */

/* Begin PBXNativeTarget section */
		81D82FCF1E983C3D0016568E /* SwiftMeterTests */ = {
			isa = PBXNativeTarget;
			buildConfigurationList = 81D82FD91E983C3E0016568E /* Build configuration list for PBXNativeTarget "SwiftMeterTests" */;
			buildPhases = (
				81D82FCC1E983C3D0016568E /* Sources */,
				81D82FCD1E983C3D0016568E /* Frameworks */,
				81D82FCE1E983C3D0016568E /* Resources */,
			);
			buildRules = (
			);
			dependencies = (
				81D82FD61E983C3E0016568E /* PBXTargetDependency */,
			);
			name = SwiftMeterTests;
			productName = SwiftMeterTests;
			productReference = 81D82FD01E983C3D0016568E /* SwiftMeterTests.xctest */;
			productType = "com.apple.product-type.bundle.unit-test";
		};
		81EACFCA1E8C5CA900741057 /* SwiftMeter */ = {
			isa = PBXNativeTarget;
			buildConfigurationList = 81EACFDD1E8C5CA900741057 /* Build configuration list for PBXNativeTarget "SwiftMeter" */;
			buildPhases = (
				81EACFC71E8C5CA900741057 /* Sources */,
				81EACFC81E8C5CA900741057 /* Frameworks */,
				81EACFC91E8C5CA900741057 /* Resources */,
			);
			buildRules = (
			);
			dependencies = (
			);
			name = SwiftMeter;
			productName = SwiftMeter;
			productReference = 81EACFCB1E8C5CA900741057 /* SwiftMeter.app */;
			productType = "com.apple.product-type.application";
		};
/* End PBXNativeTarget section */

/* Begin PBXProject section */
		81EACFC31E8C5CA900741057 /* Project object */ = {
			isa = PBXProject;
			attributes = {
				LastSwiftUpdateCheck = 0820;
				LastUpgradeCheck = 0820;
				ORGANIZATIONNAME = "Yurii Kobets";
				TargetAttributes = {
					81D82FCF1E983C3D0016568E = {
						CreatedOnToolsVersion = 8.2.1;
						DevelopmentTeam = 7LTAF44D36;
						ProvisioningStyle = Automatic;
						TestTargetID = 81EACFCA1E8C5CA900741057;
					};
					81EACFCA1E8C5CA900741057 = {
						CreatedOnToolsVersion = 8.2.1;
						DevelopmentTeam = 7LTAF44D36;
						ProvisioningStyle = Automatic;
					};
				};
			};
			buildConfigurationList = 81EACFC61E8C5CA900741057 /* Build configuration list for PBXProject "SwiftMeter" */;
			compatibilityVersion = "Xcode 3.2";
			developmentRegion = English;
			hasScannedForEncodings = 0;
			knownRegions = (
				en,
				Base,
			);
			mainGroup = 81EACFC21E8C5CA900741057;
			productRefGroup = 81EACFCC1E8C5CA900741057 /* Products */;
			projectDirPath = "";
			projectRoot = "";
			targets = (
				81EACFCA1E8C5CA900741057 /* SwiftMeter */,
				81D82FCF1E983C3D0016568E /* SwiftMeterTests */,
			);
		};
/* End PBXProject section */

/* Begin PBXResourcesBuildPhase section */
		81D82FCE1E983C3D0016568E /* Resources */ = {
			isa = PBXResourcesBuildPhase;
			buildActionMask = 2147483647;
			files = (
			);
			runOnlyForDeploymentPostprocessing = 0;
		};
		81EACFC91E8C5CA900741057 /* Resources */ = {
			isa = PBXResourcesBuildPhase;
			buildActionMask = 2147483647;
			files = (
				81EACFD91E8C5CA900741057 /* LaunchScreen.storyboard in Resources */,
				81EACFD61E8C5CA900741057 /* Assets.xcassets in Resources */,
				81EACFD41E8C5CA900741057 /* Main.storyboard in Resources */,
			);
			runOnlyForDeploymentPostprocessing = 0;
		};
/* End PBXResourcesBuildPhase section */

/* Begin PBXSourcesBuildPhase section */
		81D82FCC1E983C3D0016568E /* Sources */ = {
			isa = PBXSourcesBuildPhase;
			buildActionMask = 2147483647;
			files = (
				81D82FDA1E983F5D0016568E /* SwiftMeter.swift in Sources */,
				81D82FD31E983C3E0016568E /* SwiftMeterTests.swift in Sources */,
			);
			runOnlyForDeploymentPostprocessing = 0;
		};
		81EACFC71E8C5CA900741057 /* Sources */ = {
			isa = PBXSourcesBuildPhase;
			buildActionMask = 2147483647;
			files = (
				81EACFD11E8C5CA900741057 /* ViewController.swift in Sources */,
				81EACFE21E8C5CF600741057 /* SwiftMeter.swift in Sources */,
				81EACFCF1E8C5CA900741057 /* AppDelegate.swift in Sources */,
			);
			runOnlyForDeploymentPostprocessing = 0;
		};
/* End PBXSourcesBuildPhase section */

/* Begin PBXTargetDependency section */
		81D82FD61E983C3E0016568E /* PBXTargetDependency */ = {
			isa = PBXTargetDependency;
			target = 81EACFCA1E8C5CA900741057 /* SwiftMeter */;
			targetProxy = 81D82FD51E983C3E0016568E /* PBXContainerItemProxy */;
		};
/* End PBXTargetDependency section */

/* Begin PBXVariantGroup section */
		81EACFD21E8C5CA900741057 /* Main.storyboard */ = {
			isa = PBXVariantGroup;
			children = (
				81EACFD31E8C5CA900741057 /* Base */,
			);
			name = Main.storyboard;
			sourceTree = "<group>";
		};
		81EACFD71E8C5CA900741057 /* LaunchScreen.storyboard */ = {
			isa = PBXVariantGroup;
			children = (
				81EACFD81E8C5CA900741057 /* Base */,
			);
			name = LaunchScreen.storyboard;
			sourceTree = "<group>";
		};
/* End PBXVariantGroup section */

/* Begin XCBuildConfiguration section */
		81D82FD71E983C3E0016568E /* Debug */ = {
			isa = XCBuildConfiguration;
			buildSettings = {
				BUNDLE_LOADER = "$(TEST_HOST)";
				DEVELOPMENT_TEAM = 7LTAF44D36;
				INFOPLIST_FILE = SwiftMeterTests/Info.plist;
				LD_RUNPATH_SEARCH_PATHS = "$(inherited) @executable_path/Frameworks @loader_path/Frameworks";
				PRODUCT_BUNDLE_IDENTIFIER = com.SwiftMeter.ios.SwiftMeterTests;
				PRODUCT_NAME = "$(TARGET_NAME)";
				SWIFT_VERSION = 3.0;
				TEST_HOST = "$(BUILT_PRODUCTS_DIR)/SwiftMeter.app/SwiftMeter";
			};
			name = Debug;
		};
		81D82FD81E983C3E0016568E /* Release */ = {
			isa = XCBuildConfiguration;
			buildSettings = {
				BUNDLE_LOADER = "$(TEST_HOST)";
				DEVELOPMENT_TEAM = 7LTAF44D36;
				INFOPLIST_FILE = SwiftMeterTests/Info.plist;
				LD_RUNPATH_SEARCH_PATHS = "$(inherited) @executable_path/Frameworks @loader_path/Frameworks";
				PRODUCT_BUNDLE_IDENTIFIER = com.SwiftMeter.ios.SwiftMeterTests;
				PRODUCT_NAME = "$(TARGET_NAME)";
				SWIFT_VERSION = 3.0;
				TEST_HOST = "$(BUILT_PRODUCTS_DIR)/SwiftMeter.app/SwiftMeter";
			};
			name = Release;
		};
		81EACFDB1E8C5CA900741057 /* Debug */ = {
			isa = XCBuildConfiguration;
			buildSettings = {
				ALWAYS_SEARCH_USER_PATHS = NO;
				CLANG_ANALYZER_NONNULL = YES;
				CLANG_CXX_LANGUAGE_STANDARD = "gnu++0x";
				CLANG_CXX_LIBRARY = "libc++";
				CLANG_ENABLE_MODULES = YES;
				CLANG_ENABLE_OBJC_ARC = YES;
				CLANG_WARN_BOOL_CONVERSION = YES;
				CLANG_WARN_CONSTANT_CONVERSION = YES;
				CLANG_WARN_DIRECT_OBJC_ISA_USAGE = YES_ERROR;
				CLANG_WARN_DOCUMENTATION_COMMENTS = YES;
				CLANG_WARN_EMPTY_BODY = YES;
				CLANG_WARN_ENUM_CONVERSION = YES;
				CLANG_WARN_INFINITE_RECURSION = YES;
				CLANG_WARN_INT_CONVERSION = YES;
				CLANG_WARN_OBJC_ROOT_CLASS = YES_ERROR;
				CLANG_WARN_SUSPICIOUS_MOVE = YES;
				CLANG_WARN_UNREACHABLE_CODE = YES;
				CLANG_WARN__DUPLICATE_METHOD_MATCH = YES;
				"CODE_SIGN_IDENTITY[sdk=iphoneos*]" = "iPhone Developer";
				COPY_PHASE_STRIP = NO;
				DEBUG_INFORMATION_FORMAT = dwarf;
				ENABLE_STRICT_OBJC_MSGSEND = YES;
				ENABLE_TESTABILITY = YES;
				GCC_C_LANGUAGE_STANDARD = gnu99;
				GCC_DYNAMIC_NO_PIC = NO;
				GCC_NO_COMMON_BLOCKS = YES;
				GCC_OPTIMIZATION_LEVEL = 0;
				GCC_PREPROCESSOR_DEFINITIONS = (
					"DEBUG=1",
					"$(inherited)",
				);
				GCC_WARN_64_TO_32_BIT_CONVERSION = YES;
				GCC_WARN_ABOUT_RETURN_TYPE = YES_ERROR;
				GCC_WARN_UNDECLARED_SELECTOR = YES;
				GCC_WARN_UNINITIALIZED_AUTOS = YES_AGGRESSIVE;
				GCC_WARN_UNUSED_FUNCTION = YES;
				GCC_WARN_UNUSED_VARIABLE = YES;
				IPHONEOS_DEPLOYMENT_TARGET = 10.2;
				MTL_ENABLE_DEBUG_INFO = YES;
				ONLY_ACTIVE_ARCH = YES;
				SDKROOT = iphoneos;
				SWIFT_ACTIVE_COMPILATION_CONDITIONS = DEBUG;
				SWIFT_OPTIMIZATION_LEVEL = "-Onone";
				TARGETED_DEVICE_FAMILY = "1,2";
			};
			name = Debug;
		};
		81EACFDC1E8C5CA900741057 /* Release */ = {
			isa = XCBuildConfiguration;
			buildSettings = {
				ALWAYS_SEARCH_USER_PATHS = NO;
				CLANG_ANALYZER_NONNULL = YES;
				CLANG_CXX_LANGUAGE_STANDARD = "gnu++0x";
				CLANG_CXX_LIBRARY = "libc++";
				CLANG_ENABLE_MODULES = YES;
				CLANG_ENABLE_OBJC_ARC = YES;
				CLANG_WARN_BOOL_CONVERSION = YES;
				CLANG_WARN_CONSTANT_CONVERSION = YES;
				CLANG_WARN_DIRECT_OBJC_ISA_USAGE = YES_ERROR;
				CLANG_WARN_DOCUMENTATION_COMMENTS = YES;
				CLANG_WARN_EMPTY_BODY = YES;
				CLANG_WARN_ENUM_CONVERSION = YES;
				CLANG_WARN_INFINITE_RECURSION = YES;
				CLANG_WARN_INT_CONVERSION = YES;
				CLANG_WARN_OBJC_ROOT_CLASS = YES_ERROR;
				CLANG_WARN_SUSPICIOUS_MOVE = YES;
				CLANG_WARN_UNREACHABLE_CODE = YES;
				CLANG_WARN__DUPLICATE_METHOD_MATCH = YES;
				"CODE_SIGN_IDENTITY[sdk=iphoneos*]" = "iPhone Developer";
				COPY_PHASE_STRIP = NO;
				DEBUG_INFORMATION_FORMAT = "dwarf-with-dsym";
				ENABLE_NS_ASSERTIONS = NO;
				ENABLE_STRICT_OBJC_MSGSEND = YES;
				GCC_C_LANGUAGE_STANDARD = gnu99;
				GCC_NO_COMMON_BLOCKS = YES;
				GCC_WARN_64_TO_32_BIT_CONVERSION = YES;
				GCC_WARN_ABOUT_RETURN_TYPE = YES_ERROR;
				GCC_WARN_UNDECLARED_SELECTOR = YES;
				GCC_WARN_UNINITIALIZED_AUTOS = YES_AGGRESSIVE;
				GCC_WARN_UNUSED_FUNCTION = YES;
				GCC_WARN_UNUSED_VARIABLE = YES;
				IPHONEOS_DEPLOYMENT_TARGET = 10.2;
				MTL_ENABLE_DEBUG_INFO = NO;
				SDKROOT = iphoneos;
				SWIFT_OPTIMIZATION_LEVEL = "-Owholemodule";
				TARGETED_DEVICE_FAMILY = "1,2";
				VALIDATE_PRODUCT = YES;
			};
			name = Release;
		};
		81EACFDE1E8C5CA900741057 /* Debug */ = {
			isa = XCBuildConfiguration;
			buildSettings = {
				ASSETCATALOG_COMPILER_APPICON_NAME = AppIcon;
				DEVELOPMENT_TEAM = 7LTAF44D36;
				INFOPLIST_FILE = SwiftMeter/Info.plist;
				LD_RUNPATH_SEARCH_PATHS = "$(inherited) @executable_path/Frameworks";
				PRODUCT_BUNDLE_IDENTIFIER = com.SwiftMeter.ios.SwiftMeter;
				PRODUCT_NAME = "$(TARGET_NAME)";
				SWIFT_VERSION = 3.0;
			};
			name = Debug;
		};
		81EACFDF1E8C5CA900741057 /* Release */ = {
			isa = XCBuildConfiguration;
			buildSettings = {
				ASSETCATALOG_COMPILER_APPICON_NAME = AppIcon;
				DEVELOPMENT_TEAM = 7LTAF44D36;
				INFOPLIST_FILE = SwiftMeter/Info.plist;
				LD_RUNPATH_SEARCH_PATHS = "$(inherited) @executable_path/Frameworks";
				PRODUCT_BUNDLE_IDENTIFIER = com.SwiftMeter.ios.SwiftMeter;
				PRODUCT_NAME = "$(TARGET_NAME)";
				SWIFT_VERSION = 3.0;
			};
			name = Release;
		};
/* End XCBuildConfiguration section */

/* Begin XCConfigurationList section */
		81D82FD91E983C3E0016568E /* Build configuration list for PBXNativeTarget "SwiftMeterTests" */ = {
			isa = XCConfigurationList;
			buildConfigurations = (
				81D82FD71E983C3E0016568E /* Debug */,
				81D82FD81E983C3E0016568E /* Release */,
			);
			defaultConfigurationIsVisible = 0;
			defaultConfigurationName = Release;
		};
		81EACFC61E8C5CA900741057 /* Build configuration list for PBXProject "SwiftMeter" */ = {
			isa = XCConfigurationList;
			buildConfigurations = (
				81EACFDB1E8C5CA900741057 /* Debug */,
				81EACFDC1E8C5CA900741057 /* Release */,
			);
			defaultConfigurationIsVisible = 0;
			defaultConfigurationName = Release;
		};
		81EACFDD1E8C5CA900741057 /* Build configuration list for PBXNativeTarget "SwiftMeter" */ = {
			isa = XCConfigurationList;
			buildConfigurations = (
				81EACFDE1E8C5CA900741057 /* Debug */,
				81EACFDF1E8C5CA900741057 /* Release */,
			);
			defaultConfigurationIsVisible = 0;
			defaultConfigurationName = Release;
		};
/* End XCConfigurationList section */
	};
	rootObject = 81EACFC31E8C5CA900741057 /* Project object */;
}
